// !$*UTF8*$!
{
	archiveVersion = 1;
	classes = {
	};
	objectVersion = 46;
	objects = {

/* Begin PBXBuildFile section */
		6FBBB8361CB04462000E44A3 /* AppDelegate.swift in Sources */ = {isa = PBXBuildFile; fileRef = 6FBBB8351CB04462000E44A3 /* AppDelegate.swift */; };
		6FBBB8381CB04462000E44A3 /* ViewController.swift in Sources */ = {isa = PBXBuildFile; fileRef = 6FBBB8371CB04462000E44A3 /* ViewController.swift */; };
		6FBBB83B1CB04462000E44A3 /* Main.storyboard in Resources */ = {isa = PBXBuildFile; fileRef = 6FBBB8391CB04462000E44A3 /* Main.storyboard */; };
		6FBBB83D1CB04462000E44A3 /* Assets.xcassets in Resources */ = {isa = PBXBuildFile; fileRef = 6FBBB83C1CB04462000E44A3 /* Assets.xcassets */; };
		6FBBB8401CB04462000E44A3 /* LaunchScreen.storyboard in Resources */ = {isa = PBXBuildFile; fileRef = 6FBBB83E1CB04462000E44A3 /* LaunchScreen.storyboard */; };
		6FBBB84B1CB04462000E44A3 /* gitExampleTests.swift in Sources */ = {isa = PBXBuildFile; fileRef = 6FBBB84A1CB04462000E44A3 /* gitExampleTests.swift */; };
		6FBBB8561CB04462000E44A3 /* gitExampleUITests.swift in Sources */ = {isa = PBXBuildFile; fileRef = 6FBBB8551CB04462000E44A3 /* gitExampleUITests.swift */; };
/* End PBXBuildFile section */

/* Begin PBXContainerItemProxy section */
		6FBBB8471CB04462000E44A3 /* PBXContainerItemProxy */ = {
			isa = PBXContainerItemProxy;
			containerPortal = 6FBBB82A1CB04462000E44A3 /* Project object */;
			proxyType = 1;
			remoteGlobalIDString = 6FBBB8311CB04462000E44A3;
			remoteInfo = gitExample;
		};
		6FBBB8521CB04462000E44A3 /* PBXContainerItemProxy */ = {
			isa = PBXContainerItemProxy;
			containerPortal = 6FBBB82A1CB04462000E44A3 /* Project object */;
			proxyType = 1;
			remoteGlobalIDString = 6FBBB8311CB04462000E44A3;
			remoteInfo = gitExample;
		};
/* End PBXContainerItemProxy section */

/* Begin PBXFileReference section */
		6FBBB8321CB04462000E44A3 /* gitExample.app */ = {isa = PBXFileReference; explicitFileType = wrapper.application; includeInIndex = 0; path = gitExample.app; sourceTree = BUILT_PRODUCTS_DIR; };
		6FBBB8351CB04462000E44A3 /* AppDelegate.swift */ = {isa = PBXFileReference; lastKnownFileType = sourcecode.swift; path = AppDelegate.swift; sourceTree = "<group>"; };
		6FBBB8371CB04462000E44A3 /* ViewController.swift */ = {isa = PBXFileReference; lastKnownFileType = sourcecode.swift; path = ViewController.swift; sourceTree = "<group>"; };
		6FBBB83A1CB04462000E44A3 /* Base */ = {isa = PBXFileReference; lastKnownFileType = file.storyboard; name = Base; path = Base.lproj/Main.storyboard; sourceTree = "<group>"; };
		6FBBB83C1CB04462000E44A3 /* Assets.xcassets */ = {isa = PBXFileReference; lastKnownFileType = folder.assetcatalog; path = Assets.xcassets; sourceTree = "<group>"; };
		6FBBB83F1CB04462000E44A3 /* Base */ = {isa = PBXFileReference; lastKnownFileType = file.storyboard; name = Base; path = Base.lproj/LaunchScreen.storyboard; sourceTree = "<group>"; };
		6FBBB8411CB04462000E44A3 /* Info.plist */ = {isa = PBXFileReference; lastKnownFileType = text.plist.xml; path = Info.plist; sourceTree = "<group>"; };
		6FBBB8461CB04462000E44A3 /* gitExampleTests.xctest */ = {isa = PBXFileReference; explicitFileType = wrapper.cfbundle; includeInIndex = 0; path = gitExampleTests.xctest; sourceTree = BUILT_PRODUCTS_DIR; };
		6FBBB84A1CB04462000E44A3 /* gitExampleTests.swift */ = {isa = PBXFileReference; lastKnownFileType = sourcecode.swift; path = gitExampleTests.swift; sourceTree = "<group>"; };
		6FBBB84C1CB04462000E44A3 /* Info.plist */ = {isa = PBXFileReference; lastKnownFileType = text.plist.xml; path = Info.plist; sourceTree = "<group>"; };
		6FBBB8511CB04462000E44A3 /* gitExampleUITests.xctest */ = {isa = PBXFileReference; explicitFileType = wrapper.cfbundle; includeInIndex = 0; path = gitExampleUITests.xctest; sourceTree = BUILT_PRODUCTS_DIR; };
		6FBBB8551CB04462000E44A3 /* gitExampleUITests.swift */ = {isa = PBXFileReference; lastKnownFileType = sourcecode.swift; path = gitExampleUITests.swift; sourceTree = "<group>"; };
		6FBBB8571CB04462000E44A3 /* Info.plist */ = {isa = PBXFileReference; lastKnownFileType = text.plist.xml; path = Info.plist; sourceTree = "<group>"; };
/* End PBXFileReference section */

/* Begin PBXFrameworksBuildPhase section */
		6FBBB82F1CB04462000E44A3 /* Frameworks */ = {
			isa = PBXFrameworksBuildPhase;
			buildActionMask = 2147483647;
			files = (
			);
			runOnlyForDeploymentPostprocessing = 0;
		};
		6FBBB8431CB04462000E44A3 /* Frameworks */ = {
			isa = PBXFrameworksBuildPhase;
			buildActionMask = 2147483647;
			files = (
			);
			runOnlyForDeploymentPostprocessing = 0;
		};
		6FBBB84E1CB04462000E44A3 /* Frameworks */ = {
			isa = PBXFrameworksBuildPhase;
			buildActionMask = 2147483647;
			files = (
			);
			runOnlyForDeploymentPostprocessing = 0;
		};
/* End PBXFrameworksBuildPhase section */

/* Begin PBXGroup section */
		6FBBB8291CB04462000E44A3 = {
			isa = PBXGroup;
			children = (
				6FBBB8341CB04462000E44A3 /* gitExample */,
				6FBBB8491CB04462000E44A3 /* gitExampleTests */,
				6FBBB8541CB04462000E44A3 /* gitExampleUITests */,
				6FBBB8331CB04462000E44A3 /* Products */,
			);
			sourceTree = "<group>";
		};
		6FBBB8331CB04462000E44A3 /* Products */ = {
			isa = PBXGroup;
			children = (
				6FBBB8321CB04462000E44A3 /* gitExample.app */,
				6FBBB8461CB04462000E44A3 /* gitExampleTests.xctest */,
				6FBBB8511CB04462000E44A3 /* gitExampleUITests.xctest */,
			);
			name = Products;
			sourceTree = "<group>";
		};
		6FBBB8341CB04462000E44A3 /* gitExample */ = {
			isa = PBXGroup;
			children = (
				6FBBB8351CB04462000E44A3 /* AppDelegate.swift */,
				6FBBB8371CB04462000E44A3 /* ViewController.swift */,
				6FBBB8391CB04462000E44A3 /* Main.storyboard */,
				6FBBB83C1CB04462000E44A3 /* Assets.xcassets */,
				6FBBB83E1CB04462000E44A3 /* LaunchScreen.storyboard */,
				6FBBB8411CB04462000E44A3 /* Info.plist */,
			);
			path = gitExample;
			sourceTree = "<group>";
		};
		6FBBB8491CB04462000E44A3 /* gitExampleTests */ = {
			isa = PBXGroup;
			children = (
				6FBBB84A1CB04462000E44A3 /* gitExampleTests.swift */,
				6FBBB84C1CB04462000E44A3 /* Info.plist */,
			);
			path = gitExampleTests;
			sourceTree = "<group>";
		};
		6FBBB8541CB04462000E44A3 /* gitExampleUITests */ = {
			isa = PBXGroup;
			children = (
				6FBBB8551CB04462000E44A3 /* gitExampleUITests.swift */,
				6FBBB8571CB04462000E44A3 /* Info.plist */,
			);
			path = gitExampleUITests;
			sourceTree = "<group>";
		};
/* End PBXGroup section */

/* Begin PBXNativeTarget section */
		6FBBB8311CB04462000E44A3 /* gitExample */ = {
			isa = PBXNativeTarget;
			buildConfigurationList = 6FBBB85A1CB04462000E44A3 /* Build configuration list for PBXNativeTarget "gitExample" */;
			buildPhases = (
				6FBBB82E1CB04462000E44A3 /* Sources */,
				6FBBB82F1CB04462000E44A3 /* Frameworks */,
				6FBBB8301CB04462000E44A3 /* Resources */,
			);
			buildRules = (
			);
			dependencies = (
			);
			name = gitExample;
			productName = gitExample;
			productReference = 6FBBB8321CB04462000E44A3 /* gitExample.app */;
			productType = "com.apple.product-type.application";
		};
		6FBBB8451CB04462000E44A3 /* gitExampleTests */ = {
			isa = PBXNativeTarget;
			buildConfigurationList = 6FBBB85D1CB04462000E44A3 /* Build configuration list for PBXNativeTarget "gitExampleTests" */;
			buildPhases = (
				6FBBB8421CB04462000E44A3 /* Sources */,
				6FBBB8431CB04462000E44A3 /* Frameworks */,
				6FBBB8441CB04462000E44A3 /* Resources */,
			);
			buildRules = (
			);
			dependencies = (
				6FBBB8481CB04462000E44A3 /* PBXTargetDependency */,
			);
			name = gitExampleTests;
			productName = gitExampleTests;
			productReference = 6FBBB8461CB04462000E44A3 /* gitExampleTests.xctest */;
			productType = "com.apple.product-type.bundle.unit-test";
		};
		6FBBB8501CB04462000E44A3 /* gitExampleUITests */ = {
			isa = PBXNativeTarget;
			buildConfigurationList = 6FBBB8601CB04462000E44A3 /* Build configuration list for PBXNativeTarget "gitExampleUITests" */;
			buildPhases = (
				6FBBB84D1CB04462000E44A3 /* Sources */,
				6FBBB84E1CB04462000E44A3 /* Frameworks */,
				6FBBB84F1CB04462000E44A3 /* Resources */,
			);
			buildRules = (
			);
			dependencies = (
				6FBBB8531CB04462000E44A3 /* PBXTargetDependency */,
			);
			name = gitExampleUITests;
			productName = gitExampleUITests;
			productReference = 6FBBB8511CB04462000E44A3 /* gitExampleUITests.xctest */;
			productType = "com.apple.product-type.bundle.ui-testing";
		};
/* End PBXNativeTarget section */

/* Begin PBXProject section */
		6FBBB82A1CB04462000E44A3 /* Project object */ = {
			isa = PBXProject;
			attributes = {
				LastSwiftUpdateCheck = 0730;
				LastUpgradeCheck = 0730;
				ORGANIZATIONNAME = "Tony Perez";
				TargetAttributes = {
					6FBBB8311CB04462000E44A3 = {
						CreatedOnToolsVersion = 7.3;
						DevelopmentTeam = PDJ9CH3HC8;
					};
					6FBBB8451CB04462000E44A3 = {
						CreatedOnToolsVersion = 7.3;
						DevelopmentTeam = PDJ9CH3HC8;
						TestTargetID = 6FBBB8311CB04462000E44A3;
					};
					6FBBB8501CB04462000E44A3 = {
						CreatedOnToolsVersion = 7.3;
						DevelopmentTeam = PDJ9CH3HC8;
						TestTargetID = 6FBBB8311CB04462000E44A3;
					};
				};
			};
			buildConfigurationList = 6FBBB82D1CB04462000E44A3 /* Build configuration list for PBXProject "gitExample" */;
			compatibilityVersion = "Xcode 3.2";
			developmentRegion = English;
			hasScannedForEncodings = 0;
			knownRegions = (
				en,
				Base,
			);
			mainGroup = 6FBBB8291CB04462000E44A3;
			productRefGroup = 6FBBB8331CB04462000E44A3 /* Products */;
			projectDirPath = "";
			projectRoot = "";
			targets = (
				6FBBB8311CB04462000E44A3 /* gitExample */,
				6FBBB8451CB04462000E44A3 /* gitExampleTests */,
				6FBBB8501CB04462000E44A3 /* gitExampleUITests */,
			);
		};
/* End PBXProject section */

/* Begin PBXResourcesBuildPhase section */
		6FBBB8301CB04462000E44A3 /* Resources */ = {
			isa = PBXResourcesBuildPhase;
			buildActionMask = 2147483647;
			files = (
				6FBBB8401CB04462000E44A3 /* LaunchScreen.storyboard in Resources */,
				6FBBB83D1CB04462000E44A3 /* Assets.xcassets in Resources */,
				6FBBB83B1CB04462000E44A3 /* Main.storyboard in Resources */,
			);
			runOnlyForDeploymentPostprocessing = 0;
		};
		6FBBB8441CB04462000E44A3 /* Resources */ = {
			isa = PBXResourcesBuildPhase;
			buildActionMask = 2147483647;
			files = (
			);
			runOnlyForDeploymentPostprocessing = 0;
		};
		6FBBB84F1CB04462000E44A3 /* Resources */ = {
			isa = PBXResourcesBuildPhase;
			buildActionMask = 2147483647;
			files = (
			);
			runOnlyForDeploymentPostprocessing = 0;
		};
/* End PBXResourcesBuildPhase section */

/* Begin PBXSourcesBuildPhase section */
		6FBBB82E1CB04462000E44A3 /* Sources */ = {
			isa = PBXSourcesBuildPhase;
			buildActionMask = 2147483647;
			files = (
				6FBBB8381CB04462000E44A3 /* ViewController.swift in Sources */,
				6FBBB8361CB04462000E44A3 /* AppDelegate.swift in Sources */,
			);
			runOnlyForDeploymentPostprocessing = 0;
		};
		6FBBB8421CB04462000E44A3 /* Sources */ = {
			isa = PBXSourcesBuildPhase;
			buildActionMask = 2147483647;
			files = (
				6FBBB84B1CB04462000E44A3 /* gitExampleTests.swift in Sources */,
			);
			runOnlyForDeploymentPostprocessing = 0;
		};
		6FBBB84D1CB04462000E44A3 /* Sources */ = {
			isa = PBXSourcesBuildPhase;
			buildActionMask = 2147483647;
			files = (
				6FBBB8561CB04462000E44A3 /* gitExampleUITests.swift in Sources */,
			);
			runOnlyForDeploymentPostprocessing = 0;
		};
/* End PBXSourcesBuildPhase section */

/* Begin PBXTargetDependency section */
		6FBBB8481CB04462000E44A3 /* PBXTargetDependency */ = {
			isa = PBXTargetDependency;
			target = 6FBBB8311CB04462000E44A3 /* gitExample */;
			targetProxy = 6FBBB8471CB04462000E44A3 /* PBXContainerItemProxy */;
		};
		6FBBB8531CB04462000E44A3 /* PBXTargetDependency */ = {
			isa = PBXTargetDependency;
			target = 6FBBB8311CB04462000E44A3 /* gitExample */;
			targetProxy = 6FBBB8521CB04462000E44A3 /* PBXContainerItemProxy */;
		};
/* End PBXTargetDependency section */

/* Begin PBXVariantGroup section */
		6FBBB8391CB04462000E44A3 /* Main.storyboard */ = {
			isa = PBXVariantGroup;
			children = (
				6FBBB83A1CB04462000E44A3 /* Base */,
			);
			name = Main.storyboard;
			sourceTree = "<group>";
		};
		6FBBB83E1CB04462000E44A3 /* LaunchScreen.storyboard */ = {
			isa = PBXVariantGroup;
			children = (
				6FBBB83F1CB04462000E44A3 /* Base */,
			);
			name = LaunchScreen.storyboard;
			sourceTree = "<group>";
		};
/* End PBXVariantGroup section */

/* Begin XCBuildConfiguration section */
		6FBBB8581CB04462000E44A3 /* Debug */ = {
			isa = XCBuildConfiguration;
			buildSettings = {
				ALWAYS_SEARCH_USER_PATHS = NO;
				CLANG_ANALYZER_NONNULL = YES;
				CLANG_CXX_LANGUAGE_STANDARD = "gnu++0x";
				CLANG_CXX_LIBRARY = "libc++";
				CLANG_ENABLE_MODULES = YES;
				CLANG_ENABLE_OBJC_ARC = YES;
				CLANG_WARN_BOOL_CONVERSION = YES;
				CLANG_WARN_CONSTANT_CONVERSION = YES;
				CLANG_WARN_DIRECT_OBJC_ISA_USAGE = YES_ERROR;
				CLANG_WARN_EMPTY_BODY = YES;
				CLANG_WARN_ENUM_CONVERSION = YES;
				CLANG_WARN_INT_CONVERSION = YES;
				CLANG_WARN_OBJC_ROOT_CLASS = YES_ERROR;
				CLANG_WARN_UNREACHABLE_CODE = YES;
				CLANG_WARN__DUPLICATE_METHOD_MATCH = YES;
				"CODE_SIGN_IDENTITY[sdk=iphoneos*]" = "iPhone Developer";
				COPY_PHASE_STRIP = NO;
				DEBUG_INFORMATION_FORMAT = dwarf;
				ENABLE_STRICT_OBJC_MSGSEND = YES;
				ENABLE_TESTABILITY = YES;
				GCC_C_LANGUAGE_STANDARD = gnu99;
				GCC_DYNAMIC_NO_PIC = NO;
				GCC_NO_COMMON_BLOCKS = YES;
				GCC_OPTIMIZATION_LEVEL = 0;
				GCC_PREPROCESSOR_DEFINITIONS = (
					"DEBUG=1",
					"$(inherited)",
				);
				GCC_WARN_64_TO_32_BIT_CONVERSION = YES;
				GCC_WARN_ABOUT_RETURN_TYPE = YES_ERROR;
				GCC_WARN_UNDECLARED_SELECTOR = YES;
				GCC_WARN_UNINITIALIZED_AUTOS = YES_AGGRESSIVE;
				GCC_WARN_UNUSED_FUNCTION = YES;
				GCC_WARN_UNUSED_VARIABLE = YES;
				IPHONEOS_DEPLOYMENT_TARGET = 9.3;
				MTL_ENABLE_DEBUG_INFO = YES;
				ONLY_ACTIVE_ARCH = YES;
				SDKROOT = iphoneos;
				SWIFT_OPTIMIZATION_LEVEL = "-Onone";
			};
			name = Debug;
		};
		6FBBB8591CB04462000E44A3 /* Release */ = {
			isa = XCBuildConfiguration;
			buildSettings = {
				ALWAYS_SEARCH_USER_PATHS = NO;
				CLANG_ANALYZER_NONNULL = YES;
				CLANG_CXX_LANGUAGE_STANDARD = "gnu++0x";
				CLANG_CXX_LIBRARY = "libc++";
				CLANG_ENABLE_MODULES = YES;
				CLANG_ENABLE_OBJC_ARC = YES;
				CLANG_WARN_BOOL_CONVERSION = YES;
				CLANG_WARN_CONSTANT_CONVERSION = YES;
				CLANG_WARN_DIRECT_OBJC_ISA_USAGE = YES_ERROR;
				CLANG_WARN_EMPTY_BODY = YES;
				CLANG_WARN_ENUM_CONVERSION = YES;
				CLANG_WARN_INT_CONVERSION = YES;
				CLANG_WARN_OBJC_ROOT_CLASS = YES_ERROR;
				CLANG_WARN_UNREACHABLE_CODE = YES;
				CLANG_WARN__DUPLICATE_METHOD_MATCH = YES;
				"CODE_SIGN_IDENTITY[sdk=iphoneos*]" = "iPhone Developer";
				COPY_PHASE_STRIP = NO;
				DEBUG_INFORMATION_FORMAT = "dwarf-with-dsym";
				ENABLE_NS_ASSERTIONS = NO;
				ENABLE_STRICT_OBJC_MSGSEND = YES;
				GCC_C_LANGUAGE_STANDARD = gnu99;
				GCC_NO_COMMON_BLOCKS = YES;
				GCC_WARN_64_TO_32_BIT_CONVERSION = YES;
				GCC_WARN_ABOUT_RETURN_TYPE = YES_ERROR;
				GCC_WARN_UNDECLARED_SELECTOR = YES;
				GCC_WARN_UNINITIALIZED_AUTOS = YES_AGGRESSIVE;
				GCC_WARN_UNUSED_FUNCTION = YES;
				GCC_WARN_UNUSED_VARIABLE = YES;
				IPHONEOS_DEPLOYMENT_TARGET = 9.3;
				MTL_ENABLE_DEBUG_INFO = NO;
				SDKROOT = iphoneos;
				VALIDATE_PRODUCT = YES;
			};
			name = Release;
		};
		6FBBB85B1CB04462000E44A3 /* Debug */ = {
			isa = XCBuildConfiguration;
			buildSettings = {
				ASSETCATALOG_COMPILER_APPICON_NAME = AppIcon;
				CODE_SIGN_IDENTITY = "iPhone Developer";
				INFOPLIST_FILE = gitExample/Info.plist;
				LD_RUNPATH_SEARCH_PATHS = "$(inherited) @executable_path/Frameworks";
				PRODUCT_BUNDLE_IDENTIFIER = com.tonyperez716.gitExample;
				PRODUCT_NAME = "$(TARGET_NAME)";
			};
			name = Debug;
		};
		6FBBB85C1CB04462000E44A3 /* Release */ = {
			isa = XCBuildConfiguration;
			buildSettings = {
				ASSETCATALOG_COMPILER_APPICON_NAME = AppIcon;
				CODE_SIGN_IDENTITY = "iPhone Developer";
				INFOPLIST_FILE = gitExample/Info.plist;
				LD_RUNPATH_SEARCH_PATHS = "$(inherited) @executable_path/Frameworks";
				PRODUCT_BUNDLE_IDENTIFIER = com.tonyperez716.gitExample;
				PRODUCT_NAME = "$(TARGET_NAME)";
			};
			name = Release;
		};
		6FBBB85E1CB04462000E44A3 /* Debug */ = {
			isa = XCBuildConfiguration;
			buildSettings = {
				BUNDLE_LOADER = "$(TEST_HOST)";
				INFOPLIST_FILE = gitExampleTests/Info.plist;
				LD_RUNPATH_SEARCH_PATHS = "$(inherited) @executable_path/Frameworks @loader_path/Frameworks";
				PRODUCT_BUNDLE_IDENTIFIER = com.tonyperez716.gitExampleTests;
				PRODUCT_NAME = "$(TARGET_NAME)";
				TEST_HOST = "$(BUILT_PRODUCTS_DIR)/gitExample.app/gitExample";
			};
			name = Debug;
		};
		6FBBB85F1CB04462000E44A3 /* Release */ = {
			isa = XCBuildConfiguration;
			buildSettings = {
				BUNDLE_LOADER = "$(TEST_HOST)";
				INFOPLIST_FILE = gitExampleTests/Info.plist;
				LD_RUNPATH_SEARCH_PATHS = "$(inherited) @executable_path/Frameworks @loader_path/Frameworks";
				PRODUCT_BUNDLE_IDENTIFIER = com.tonyperez716.gitExampleTests;
				PRODUCT_NAME = "$(TARGET_NAME)";
				TEST_HOST = "$(BUILT_PRODUCTS_DIR)/gitExample.app/gitExample";
			};
			name = Release;
		};
		6FBBB8611CB04462000E44A3 /* Debug */ = {
			isa = XCBuildConfiguration;
			buildSettings = {
				INFOPLIST_FILE = gitExampleUITests/Info.plist;
				LD_RUNPATH_SEARCH_PATHS = "$(inherited) @executable_path/Frameworks @loader_path/Frameworks";
				PRODUCT_BUNDLE_IDENTIFIER = com.tonyperez716.gitExampleUITests;
				PRODUCT_NAME = "$(TARGET_NAME)";
				TEST_TARGET_NAME = gitExample;
			};
			name = Debug;
		};
		6FBBB8621CB04462000E44A3 /* Release */ = {
			isa = XCBuildConfiguration;
			buildSettings = {
				INFOPLIST_FILE = gitExampleUITests/Info.plist;
				LD_RUNPATH_SEARCH_PATHS = "$(inherited) @executable_path/Frameworks @loader_path/Frameworks";
				PRODUCT_BUNDLE_IDENTIFIER = com.tonyperez716.gitExampleUITests;
				PRODUCT_NAME = "$(TARGET_NAME)";
				TEST_TARGET_NAME = gitExample;
			};
			name = Release;
		};
/* End XCBuildConfiguration section */

/* Begin XCConfigurationList section */
		6FBBB82D1CB04462000E44A3 /* Build configuration list for PBXProject "gitExample" */ = {
			isa = XCConfigurationList;
			buildConfigurations = (
				6FBBB8581CB04462000E44A3 /* Debug */,
				6FBBB8591CB04462000E44A3 /* Release */,
			);
			defaultConfigurationIsVisible = 0;
			defaultConfigurationName = Release;
		};
		6FBBB85A1CB04462000E44A3 /* Build configuration list for PBXNativeTarget "gitExample" */ = {
			isa = XCConfigurationList;
			buildConfigurations = (
				6FBBB85B1CB04462000E44A3 /* Debug */,
				6FBBB85C1CB04462000E44A3 /* Release */,
			);
			defaultConfigurationIsVisible = 0;
		};
		6FBBB85D1CB04462000E44A3 /* Build configuration list for PBXNativeTarget "gitExampleTests" */ = {
			isa = XCConfigurationList;
			buildConfigurations = (
				6FBBB85E1CB04462000E44A3 /* Debug */,
				6FBBB85F1CB04462000E44A3 /* Release */,
			);
			defaultConfigurationIsVisible = 0;
		};
		6FBBB8601CB04462000E44A3 /* Build configuration list for PBXNativeTarget "gitExampleUITests" */ = {
			isa = XCConfigurationList;
			buildConfigurations = (
				6FBBB8611CB04462000E44A3 /* Debug */,
				6FBBB8621CB04462000E44A3 /* Release */,
			);
			defaultConfigurationIsVisible = 0;
		};
/* End XCConfigurationList section */
	};
	rootObject = 6FBBB82A1CB04462000E44A3 /* Project object */;
}
